{
  "version": 4,
  "terraform_version": "1.14.5",
  "serial": 76,
  "lineage": "99d78b32-fce7-7fa2-d00b-a7a87d521738",
  "outputs": {},
  "resources": [
    {
      "mode": "managed",
      "type": "aws_volume_attachment",
      "name": "this",
      "provider": "provider[\"registry.terraform.io/hashicorp/aws\"]",
      "instances": [
        {
          "schema_version": 0,
          "attributes": {
            "device_name": "/dev/sdh",
            "force_detach": null,
            "id": "vai-1464419667",
            "instance_id": "i-05894a36322c5247a",
            "region": "us-east-1",
            "skip_destroy": null,
            "stop_instance_before_detaching": null,
            "timeouts": null,
            "volume_id": "vol-02d008ad4abbbf114"
          },
          "sensitive_attributes": [],
          "identity_schema_version": 0,
          "private": "eyJlMmJmYjczMC1lY2FhLTExZTYtOGY4OC0zNDM2M2JjN2M0YzAiOnsiY3JlYXRlIjozMDAwMDAwMDAwMDAsImRlbGV0ZSI6MzAwMDAwMDAwMDAwfX0=",
          "dependencies": [
            "module.ebs.aws_ebs_volume.myebs",
            "module.ec2.aws_instance.myec2",
            "module.ec2.data.aws_ami.ubuntu",
            "module.key_pair.aws_key_pair.this",
            "module.key_pair.tls_private_key.this",
            "module.sg.aws_security_group.allow_http_https_ssh"
          ]
        }
      ]
    },
    {
      "mode": "managed",
      "type": "null_resource",
      "name": "write_ip_domain",
      "provider": "provider[\"registry.terraform.io/hashicorp/null\"]",
      "instances": [
        {
          "schema_version": 0,
          "attributes": {
            "id": "6580798061765728700",
            "triggers": null
          },
          "sensitive_attributes": [],
          "identity_schema_version": 0,
          "dependencies": [
            "module.ec2.aws_instance.myec2",
            "module.ec2.data.aws_ami.ubuntu",
            "module.eip.aws_eip.this",
            "module.key_pair.aws_key_pair.this",
            "module.key_pair.tls_private_key.this",
            "module.sg.aws_security_group.allow_http_https_ssh"
          ]
        }
      ]
    },
    {
      "module": "module.ebs",
      "mode": "managed",
      "type": "aws_ebs_volume",
      "name": "myebs",
      "provider": "provider[\"registry.terraform.io/hashicorp/aws\"]",
      "instances": [
        {
          "schema_version": 0,
          "attributes": {
            "arn": "arn:aws:ec2:us-east-1:315824631771:volume/vol-02d008ad4abbbf114",
            "availability_zone": "us-east-1a",
            "create_time": "2026-03-01T09:43:17Z",
            "encrypted": false,
            "final_snapshot": false,
            "id": "vol-02d008ad4abbbf114",
            "iops": 100,
            "kms_key_id": "",
            "multi_attach_enabled": false,
            "outpost_arn": "",
            "region": "us-east-1",
            "size": 20,
            "snapshot_id": "",
            "tags": {
              "Name": "ebs-mini-prod"
            },
            "tags_all": {
              "Name": "ebs-mini-prod"
            },
            "throughput": 0,
            "timeouts": null,
            "type": "gp2",
            "volume_initialization_rate": 0
          },
          "sensitive_attributes": [],
          "identity_schema_version": 0,
          "private": "eyJlMmJmYjczMC1lY2FhLTExZTYtOGY4OC0zNDM2M2JjN2M0YzAiOnsiY3JlYXRlIjozMDAwMDAwMDAwMDAsImRlbGV0ZSI6NjAwMDAwMDAwMDAwLCJ1cGRhdGUiOjMwMDAwMDAwMDAwMH19",
          "dependencies": [
            "module.ec2.aws_instance.myec2",
            "module.ec2.data.aws_ami.ubuntu",
            "module.key_pair.aws_key_pair.this",
            "module.key_pair.tls_private_key.this",
            "module.sg.aws_security_group.allow_http_https_ssh"
          ]
        }
      ]
    },
    {
      "module": "module.ec2",
      "mode": "data",
      "type": "aws_ami",
      "name": "ubuntu",
      "provider": "provider[\"registry.terraform.io/hashicorp/aws\"]",
      "instances": [
        {
          "schema_version": 0,
          "attributes": {
            "allow_unsafe_filter": null,
            "architecture": "x86_64",
            "arn": "arn:aws:ec2:us-east-1::image/ami-04680790a315cd58d",
            "block_device_mappings": [
              {
                "device_name": "/dev/sda1",
                "ebs": {
                  "delete_on_termination": "true",
                  "encrypted": "false",
                  "iops": "0",
                  "snapshot_id": "snap-0b2c426db6335afae",
                  "throughput": "0",
                  "volume_initialization_rate": "0",
                  "volume_size": "8",
                  "volume_type": "gp2"
                },
                "no_device": "",
                "virtual_name": ""
              },
              {
                "device_name": "/dev/sdb",
                "ebs": {},
                "no_device": "",
                "virtual_name": "ephemeral0"
              },
              {
                "device_name": "/dev/sdc",
                "ebs": {},
                "no_device": "",
                "virtual_name": "ephemeral1"
              }
            ],
            "boot_mode": "uefi-preferred",
            "creation_date": "2026-02-18T06:50:21.000Z",
            "deprecation_time": "2028-02-18T06:50:21.000Z",
            "description": "Canonical, Ubuntu, 22.04, amd64 jammy image",
            "ena_support": true,
            "executable_users": null,
            "filter": [
              {
                "name": "architecture",
                "values": [
                  "x86_64"
                ]
              },
              {
                "name": "name",
                "values": [
                  "ubuntu/images/hvm-ssd/ubuntu-jammy-22.04-amd64-server-*"
                ]
              },
              {
                "name": "root-device-type",
                "values": [
                  "ebs"
                ]
              },
              {
                "name": "virtualization-type",
                "values": [
                  "hvm"
                ]
              }
            ],
            "hypervisor": "xen",
            "id": "ami-04680790a315cd58d",
            "image_id": "ami-04680790a315cd58d",
            "image_location": "amazon/ubuntu/images/hvm-ssd/ubuntu-jammy-22.04-amd64-server-20260218",
            "image_owner_alias": "amazon",
            "image_type": "machine",
            "imds_support": "",
            "include_deprecated": false,
            "kernel_id": "",
            "last_launched_time": "",
            "most_recent": true,
            "name": "ubuntu/images/hvm-ssd/ubuntu-jammy-22.04-amd64-server-20260218",
            "name_regex": null,
            "owner_id": "099720109477",
            "owners": [
              "099720109477"
            ],
            "platform": "",
            "platform_details": "Linux/UNIX",
            "product_codes": [],
            "public": true,
            "ramdisk_id": "",
            "region": "us-east-1",
            "root_device_name": "/dev/sda1",
            "root_device_type": "ebs",
            "root_snapshot_id": "snap-0b2c426db6335afae",
            "sriov_net_support": "simple",
            "state": "available",
            "state_reason": {
              "code": "UNSET",
              "message": "UNSET"
            },
            "tags": {},
            "timeouts": null,
            "tpm_support": "",
            "uefi_data": null,
            "usage_operation": "RunInstances",
            "virtualization_type": "hvm"
          },
          "sensitive_attributes": [],
          "identity_schema_version": 0
        }
      ]
    },
    {
      "module": "module.ec2",
      "mode": "managed",
      "type": "aws_instance",
      "name": "myec2",
      "provider": "provider[\"registry.terraform.io/hashicorp/aws\"]",
      "instances": [
        {
          "schema_version": 2,
          "attributes": {
            "ami": "ami-04680790a315cd58d",
            "arn": "arn:aws:ec2:us-east-1:315824631771:instance/i-05894a36322c5247a",
            "associate_public_ip_address": true,
            "availability_zone": "us-east-1a",
            "capacity_reservation_specification": [
              {
                "capacity_reservation_preference": "open",
                "capacity_reservation_target": []
              }
            ],
            "cpu_options": [
              {
                "amd_sev_snp": "",
                "core_count": 1,
                "nested_virtualization": "",
                "threads_per_core": 2
              }
            ],
            "credit_specification": [
              {
                "cpu_credits": "unlimited"
              }
            ],
            "disable_api_stop": false,
            "disable_api_termination": false,
            "ebs_block_device": [],
            "ebs_optimized": false,
            "enable_primary_ipv6": null,
            "enclave_options": [
              {
                "enabled": false
              }
            ],
            "ephemeral_block_device": [],
            "force_destroy": false,
            "get_password_data": false,
            "hibernation": false,
            "host_id": "",
            "host_resource_group_arn": null,
            "iam_instance_profile": "",
            "id": "i-05894a36322c5247a",
            "instance_initiated_shutdown_behavior": "stop",
            "instance_lifecycle": "",
            "instance_market_options": [],
            "instance_state": "running",
            "instance_type": "t3.micro",
            "ipv6_address_count": 0,
            "ipv6_addresses": [],
            "key_name": "jenkins-key",
            "launch_template": [],
            "maintenance_options": [
              {
                "auto_recovery": "default"
              }
            ],
            "metadata_options": [
              {
                "http_endpoint": "enabled",
                "http_protocol_ipv6": "disabled",
                "http_put_response_hop_limit": 1,
                "http_tokens": "optional",
                "instance_metadata_tags": "disabled"
              }
            ],
            "monitoring": false,
            "network_interface": [],
            "outpost_arn": "",
            "password_data": "",
            "placement_group": "",
            "placement_group_id": "",
            "placement_partition_number": 0,
            "primary_network_interface": [
              {
                "delete_on_termination": true,
                "network_interface_id": "eni-0362dafb527454859"
              }
            ],
            "primary_network_interface_id": "eni-0362dafb527454859",
            "private_dns": "ip-172-31-4-205.ec2.internal",
            "private_dns_name_options": [
              {
                "enable_resource_name_dns_a_record": false,
                "enable_resource_name_dns_aaaa_record": false,
                "hostname_type": "ip-name"
              }
            ],
            "private_ip": "172.31.4.205",
            "public_dns": "ec2-13-220-25-169.compute-1.amazonaws.com",
            "public_ip": "13.220.25.169",
            "region": "us-east-1",
            "root_block_device": [
              {
                "delete_on_termination": true,
                "device_name": "/dev/sda1",
                "encrypted": false,
                "iops": 100,
                "kms_key_id": "",
                "tags": null,
                "tags_all": {},
                "throughput": 0,
                "volume_id": "vol-065d298ba623d83f5",
                "volume_size": 8,
                "volume_type": "gp2"
              }
            ],
            "secondary_network_interface": [],
            "secondary_private_ips": [],
            "security_groups": [
              "mini-prod-sg"
            ],
            "source_dest_check": true,
            "spot_instance_request_id": "",
            "subnet_id": "subnet-0bb024369e86e8e52",
            "tags": {
              "Name": "ec2-mini-pro-in"
            },
            "tags_all": {
              "Name": "ec2-mini-pro-in"
            },
            "tenancy": "default",
            "timeouts": null,
            "user_data": "#!/bin/bash\napt update -y\n\ncurl -fsSL https://get.docker.com -o install-docker.sh\nsh install-docker.sh --dry-run\nsh install-docker.sh\n\nusermod -aG docker ubuntu\n\ngit clone https://github.com/eazytrainingfr/jenkins-training.git\ncd jenkins-training\ndocker compose up -d",
            "user_data_base64": null,
            "user_data_replace_on_change": true,
            "volume_tags": null,
            "vpc_security_group_ids": [
              "sg-0e6cc4b24819d8184"
            ]
          },
          "sensitive_attributes": [],
          "identity_schema_version": 0,
          "identity": {
            "account_id": "315824631771",
            "id": "i-05894a36322c5247a",
            "region": "us-east-1"
          },
          "private": "eyJlMmJmYjczMC1lY2FhLTExZTYtOGY4OC0zNDM2M2JjN2M0YzAiOnsiY3JlYXRlIjo2MDAwMDAwMDAwMDAsImRlbGV0ZSI6MTIwMDAwMDAwMDAwMCwicmVhZCI6OTAwMDAwMDAwMDAwLCJ1cGRhdGUiOjYwMDAwMDAwMDAwMH0sInNjaGVtYV92ZXJzaW9uIjoiMiJ9",
          "dependencies": [
            "module.ec2.data.aws_ami.ubuntu",
            "module.key_pair.aws_key_pair.this",
            "module.key_pair.tls_private_key.this",
            "module.sg.aws_security_group.allow_http_https_ssh"
          ]
        }
      ]
    },
    {
      "module": "module.eip",
      "mode": "managed",
      "type": "aws_eip",
      "name": "this",
      "provider": "provider[\"registry.terraform.io/hashicorp/aws\"]",
      "instances": [
        {
          "schema_version": 0,
          "attributes": {
            "address": null,
            "allocation_id": "eipalloc-0a9458c01c5f4ce8a",
            "arn": "arn:aws:ec2:us-east-1:315824631771:elastic-ip/eipalloc-0a9458c01c5f4ce8a",
            "associate_with_private_ip": null,
            "association_id": "eipassoc-0a490a6ccdf0968cf",
            "carrier_ip": "",
            "customer_owned_ip": "",
            "customer_owned_ipv4_pool": "",
            "domain": "vpc",
            "id": "eipalloc-0a9458c01c5f4ce8a",
            "instance": "i-05894a36322c5247a",
            "ipam_pool_id": null,
            "network_border_group": "us-east-1",
            "network_interface": "eni-0362dafb527454859",
            "private_dns": "ip-172-31-4-205.ec2.internal",
            "private_ip": "172.31.4.205",
            "ptr_record": "",
            "public_dns": "ec2-100-51-133-109.compute-1.amazonaws.com",
            "public_ip": "100.51.133.109",
            "public_ipv4_pool": "amazon",
            "region": "us-east-1",
            "tags": null,
            "tags_all": {},
            "timeouts": null
          },
          "sensitive_attributes": [],
          "identity_schema_version": 0,
          "private": "eyJlMmJmYjczMC1lY2FhLTExZTYtOGY4OC0zNDM2M2JjN2M0YzAiOnsiZGVsZXRlIjoxODAwMDAwMDAwMDAsInJlYWQiOjkwMDAwMDAwMDAwMCwidXBkYXRlIjozMDAwMDAwMDAwMDB9fQ==",
          "dependencies": [
            "module.ec2.aws_instance.myec2",
            "module.ec2.data.aws_ami.ubuntu",
            "module.key_pair.aws_key_pair.this",
            "module.key_pair.tls_private_key.this",
            "module.sg.aws_security_group.allow_http_https_ssh"
          ]
        }
      ]
    },
    {
      "module": "module.key_pair",
      "mode": "managed",
      "type": "aws_key_pair",
      "name": "this",
      "provider": "provider[\"registry.terraform.io/hashicorp/aws\"]",
      "instances": [
        {
          "schema_version": 1,
          "attributes": {
            "arn": "arn:aws:ec2:us-east-1:315824631771:key-pair/jenkins-key",
            "fingerprint": "4e:67:42:98:df:fa:d7:17:0e:5c:55:4c:3b:e7:de:15",
            "id": "jenkins-key",
            "key_name": "jenkins-key",
            "key_name_prefix": "",
            "key_pair_id": "key-0478754729ac8e2f3",
            "key_type": "rsa",
            "public_key": "ssh-rsa AAAAB3NzaC1yc2EAAAADAQABAAACAQDLx0HMTDWNZk1lnUqWs8SYcv3jNRzDPyuXDcqx9Sd4IUY4C2473A9HLdYNSa6Yb4/4m3X7tXLgE8ADYFaJ4pyOMayS0JY3/cPwQYUXk6fj7CQqQWR+WEUZB/riyRCwfzrGw6F9j+1T7tcSoOLHfn7bAemvavSh/4VUbqhl+8T1K1vAgdwL2b4ua0+I0x79/4HSbOlagEunM0Pk2lCtVh6WNKk2AggVFWZsMGir/KX2zyLr36XF+CT3VFgDqQw8xREG1KZxN/uTtvBj+spgcvte8yFFsZFPZPhm4Yem88sH69dTjqn6+/p7G887g32wK2Ya3f4kaTrEJCabY0NUIXlf/XFu/AkpAkqeF5nniF1vZG+XHpiWuXpqJJaWzjnfffZHF9PulEGBJQz/asWwHanv4bFjHtn30mM4mXKMhDFmJtAbwQy7jwhZqjlRJo7NtjJMMpgP3rYpqSfooAZXlZ7IQKJm8Cd3be7Hoe2DC0IjGAzdrMs9dTNChA5ZfeHD8XrJgkcIepYa4Q7X3/JdVzJhVO2E/TuwiCZetkfertYxSUvMhNaDIPVXSUtIQdl5+ahA2EVe9FAojJKXHWCxlyQjiHzg3LccyAQMnszaVBMZviFSzJRWM6gCeCgwhVBqtdmqivHgsBZ0pB9GuB777UP2xGlvNBasrm6PZkPcj5JGPw==",
            "region": "us-east-1",
            "tags": null,
            "tags_all": {}
          },
          "sensitive_attributes": [],
          "identity_schema_version": 0,
          "private": "eyJzY2hlbWFfdmVyc2lvbiI6IjEifQ==",
          "dependencies": [
            "module.key_pair.tls_private_key.this"
          ]
        }
      ]
    },
    {
      "module": "module.key_pair",
      "mode": "managed",
      "type": "tls_private_key",
      "name": "this",
      "provider": "provider[\"registry.terraform.io/hashicorp/tls\"]",
      "instances": [
        {
          "schema_version": 1,
          "attributes": {
            "algorithm": "RSA",
            "ecdsa_curve": "P224",
            "id": "d2f41c563230ce15143789ff3a5e45c60b5431d6",
            "private_key_openssh": "-----BEGIN OPENSSH PRIVATE KEY-----\nb3BlbnNzaC1rZXktdjEAAAAABG5vbmUAAAAEbm9uZQAAAAAAAAABAAACFwAAAAdz\nc2gtcnNhAAAAAwEAAQAAAgEAy8dBzEw1jWZNZZ1KlrPEmHL94zUcwz8rlw3KsfUn\neCFGOAtuO9wPRy3WDUmumG+P+Jt1+7Vy4BPAA2BWieKcjjGsktCWN/3D8EGFF5On\n4+wkKkFkflhFGQf64skQsH86xsOhfY/tU+7XEqDix35+2wHpr2r0of+FVG6oZfvE\n9StbwIHcC9m+LmtPiNMe/f+B0mzpWoBLpzND5NpQrVYeljSpNgIIFRVmbDBoq/yl\n9s8i69+lxfgk91RYA6kMPMURBtSmcTf7k7bwY/rKYHL7XvMhRbGRT2T4ZuGHpvPL\nB+vXU46p+vv6exvPO4N9sCtmGt3+JGk6xCQmm2NDVCF5X/1xbvwJKQJKnheZ54hd\nb2Rvlx6Ylrl6aiSWls453332RxfT7pRBgSUM/2rFsB2p7+GxYx7Z99JjOJlyjIQx\nZibQG8EMu48IWao5USaOzbYyTDKYD962Kakn6KAGV5WeyECiZvAnd23ux6HtgwtC\nIxgM3azLPXUzQoQOWX3hw/F6yYJHCHqWGuEO19/yXVcyYVTthP07sIgmXrZH3q7W\nMUlLzITWgyD1V0lLSEHZefmoQNhFXvRQKIySlx1gsZckI4h84Ny3HMgEDJ7M2lQT\nGb4hUsyUVjOoAngoMIVQarXZqorx4LAWdKQfRrge++1D9sRpbzQWrK5uj2ZD3I+S\nRj8AAAc4KRXCxikVwsYAAAAHc3NoLXJzYQAAAgEAy8dBzEw1jWZNZZ1KlrPEmHL9\n4zUcwz8rlw3KsfUneCFGOAtuO9wPRy3WDUmumG+P+Jt1+7Vy4BPAA2BWieKcjjGs\nktCWN/3D8EGFF5On4+wkKkFkflhFGQf64skQsH86xsOhfY/tU+7XEqDix35+2wHp\nr2r0of+FVG6oZfvE9StbwIHcC9m+LmtPiNMe/f+B0mzpWoBLpzND5NpQrVYeljSp\nNgIIFRVmbDBoq/yl9s8i69+lxfgk91RYA6kMPMURBtSmcTf7k7bwY/rKYHL7XvMh\nRbGRT2T4ZuGHpvPLB+vXU46p+vv6exvPO4N9sCtmGt3+JGk6xCQmm2NDVCF5X/1x\nbvwJKQJKnheZ54hdb2Rvlx6Ylrl6aiSWls453332RxfT7pRBgSUM/2rFsB2p7+Gx\nYx7Z99JjOJlyjIQxZibQG8EMu48IWao5USaOzbYyTDKYD962Kakn6KAGV5WeyECi\nZvAnd23ux6HtgwtCIxgM3azLPXUzQoQOWX3hw/F6yYJHCHqWGuEO19/yXVcyYVTt\nhP07sIgmXrZH3q7WMUlLzITWgyD1V0lLSEHZefmoQNhFXvRQKIySlx1gsZckI4h8\n4Ny3HMgEDJ7M2lQTGb4hUsyUVjOoAngoMIVQarXZqorx4LAWdKQfRrge++1D9sRp\nbzQWrK5uj2ZD3I+SRj8AAAADAQABAAACADnOYXTx3XMqJSSBNSqA/nD8ldcBNxKP\n9e6Yw/otgC/MyJ2XaILkjxTzBLiqQTQO2bl9aD+qHldAYwTSLFpbBWw03S6cqzBg\n9VdPTtD8WvEGCNBP0pEguyE5qUryHKDkxqih0ErNLFbV9v7a0toioRvBdCgF4DWg\nRZNI/M5JWHrv/MwkSma2MwP5/wriUPVeqNYnfR7mLA/XNBhUcfRp7K1RbPrcIqzQ\ncEiahuba+b2EzvQ4ck8xcFMVAw6uwsDuakEUy85sQhqKF7FU8Fnh5DrwH20kzQLH\nssuEiLWsjNjHZ0LVwpRnLIwFvIi2aU4zUXinprNvgnMniigkRXI1OLenTz5RyveE\nBz6dd2m6iNE32y8W0EdPCLyZRtyzT3MG5BEO18eUZVWq5xmQ1f7dLh2se9/XEGrJ\n6vsZZlbwj9CE0JjQOpUlVgyYJs/mc3IMgJrvjg5IG8wrkZRBQyx3fPYURcNz2DZh\nyt5csecRq4N0EkVamlme7EVpYuzTtWBkntkAcKeAUUM8DsBPlDUdqL6imtIOr4st\nTRyMEt74DKlXLSe+SClzWc7a1OroyosEm/vva15tqLZcBsexrihJIBzgGBnx5zat\n7oz1HB/Aaya6Ac3Ht+My8z5pa01gU3n8Gu/StD805ycQqhnv1rM0rHDmeXmeht6Y\nCj/QFULOYaBBAAABAELhN9AI7pkYdYdZymveQ+PGKfJP/mnF7XW50fjkRXDEX83L\nNzZ3d37QAzuCbnHsInNDsdXT4L6d4B2rEjdRqMpe7zM+yxubRbcun2BzSu4kg4P4\nLyD3HzY7CJpwssw1rZLbzzYfehPYJzBqkTI6nSEk+iauFy4MskwftoZa498DEzdu\nT8XRtcPpZ9aSwryHI5TNU9vD+O2ytBQm0E7nnQRKis5V1AXB91sgxjNe+ysPqtrH\nbc9eXilSwOK8E+gEkp8mLoefY/HHVpDkFxuh9HcbXtvmpQmx7vdILOzDyJlvJO5g\nv/XlBDGGtRfh0+wOptWWdASzG73YVAqJOLCTz4EAAAEBANWoghmHaYYqdSUmYqEa\nejwBA2QnzBYVrzKjMx6ISIni1W8GnlP0Bp11fN5XZ1CYQH6O6X9HiK8d79fy+03A\n11/FtjGFi07mNx5FxtxCF4ay+tMSXGKxPdSyMp2qrtc9E7rMmq/iE13jqaK0lPD9\n0NBmAdFRe0vUz3Ww1zw38FNFf/LuAqYGU2Lqv2pr7jUKDATILDNVyFQiio5X/fsE\neny+5DBvsqLcAmly404vB59dlMEX5pZqWTIFTr4cBr8exgnktgdJjvliiqUw3Ehr\neG4zQCl5dfSrnJnrb/y78aiwX0xOK89SHo+FYzhHYW8OXzCoPAfs3jGFAdQKHRNl\nBF8AAAEBAPQpg5IO1QyFsRweg3xbUgOlfjSlK91Z6XlflNfb6hCpUYj0ONNo6+xW\nTVP3NGQutulGhVCjYxyi+cr3Ujc94fQ7hRGtelzCOiVYPYEnrU32KV5oMaviDS0S\n6bRRJHyKeHtfPbVV19BoiAvqLp8V1PM7KC/OzK2eVo6E3F+DoIDf4GhQcd72GOk0\nKQGWZdqtyf8Bk6YddSDpbvwIPIlNXT2RkBzFjnGwQ0f6WuBI+INB+c2usOEAPAt0\nWVEZ0LUtVv3+59CGCv05yvYVRH/qyPC+Y84A4Q+KtPtkftPkBLoyj+vPtAk0bOLj\nhd0OmcWVrAblJv/tUBfpJ9xSTTY/CiEAAAAAAQID\n-----END OPENSSH PRIVATE KEY-----\n",
            "private_key_pem": "-----BEGIN RSA PRIVATE KEY-----\nMIIJKAIBAAKCAgEAy8dBzEw1jWZNZZ1KlrPEmHL94zUcwz8rlw3KsfUneCFGOAtu\nO9wPRy3WDUmumG+P+Jt1+7Vy4BPAA2BWieKcjjGsktCWN/3D8EGFF5On4+wkKkFk\nflhFGQf64skQsH86xsOhfY/tU+7XEqDix35+2wHpr2r0of+FVG6oZfvE9StbwIHc\nC9m+LmtPiNMe/f+B0mzpWoBLpzND5NpQrVYeljSpNgIIFRVmbDBoq/yl9s8i69+l\nxfgk91RYA6kMPMURBtSmcTf7k7bwY/rKYHL7XvMhRbGRT2T4ZuGHpvPLB+vXU46p\n+vv6exvPO4N9sCtmGt3+JGk6xCQmm2NDVCF5X/1xbvwJKQJKnheZ54hdb2Rvlx6Y\nlrl6aiSWls453332RxfT7pRBgSUM/2rFsB2p7+GxYx7Z99JjOJlyjIQxZibQG8EM\nu48IWao5USaOzbYyTDKYD962Kakn6KAGV5WeyECiZvAnd23ux6HtgwtCIxgM3azL\nPXUzQoQOWX3hw/F6yYJHCHqWGuEO19/yXVcyYVTthP07sIgmXrZH3q7WMUlLzITW\ngyD1V0lLSEHZefmoQNhFXvRQKIySlx1gsZckI4h84Ny3HMgEDJ7M2lQTGb4hUsyU\nVjOoAngoMIVQarXZqorx4LAWdKQfRrge++1D9sRpbzQWrK5uj2ZD3I+SRj8CAwEA\nAQKCAgA5zmF08d1zKiUkgTUqgP5w/JXXATcSj/XumMP6LYAvzMidl2iC5I8U8wS4\nqkE0Dtm5fWg/qh5XQGME0ixaWwVsNN0unKswYPVXT07Q/FrxBgjQT9KRILshOalK\n8hyg5MaoodBKzSxW1fb+2tLaIqEbwXQoBeA1oEWTSPzOSVh67/zMJEpmtjMD+f8K\n4lD1XqjWJ30e5iwP1zQYVHH0aeytUWz63CKs0HBImobm2vm9hM70OHJPMXBTFQMO\nrsLA7mpBFMvObEIaihexVPBZ4eQ68B9tJM0Cx7LLhIi1rIzYx2dC1cKUZyyMBbyI\ntmlOM1F4p6azb4JzJ4ooJEVyNTi3p08+Ucr3hAc+nXdpuojRN9svFtBHTwi8mUbc\ns09zBuQRDtfHlGVVqucZkNX+3S4drHvf1xBqyer7GWZW8I/QhNCY0DqVJVYMmCbP\n5nNyDICa744OSBvMK5GUQUMsd3z2FEXDc9g2YcreXLHnEauDdBJFWppZnuxFaWLs\n07VgZJ7ZAHCngFFDPA7AT5Q1Hai+oprSDq+LLU0cjBLe+AypVy0nvkgpc1nO2tTq\n6MqLBJv772tebai2XAbHsa4oSSAc4BgZ8ec2re6M9RwfwGsmugHNx7fjMvM+aWtN\nYFN5/Brv0rQ/NOcnEKoZ79azNKxw5nl5nobemAo/0BVCzmGgQQKCAQEA1aiCGYdp\nhip1JSZioRp6PAEDZCfMFhWvMqMzHohIieLVbwaeU/QGnXV83ldnUJhAfo7pf0eI\nrx3v1/L7TcDXX8W2MYWLTuY3HkXG3EIXhrL60xJcYrE91LIynaqu1z0Tusyar+IT\nXeOporSU8P3Q0GYB0VF7S9TPdbDXPDfwU0V/8u4CpgZTYuq/amvuNQoMBMgsM1XI\nVCKKjlf9+wR6fL7kMG+yotwCaXLjTi8Hn12UwRfmlmpZMgVOvhwGvx7GCeS2B0mO\n+WKKpTDcSGt4bjNAKXl19Kucmetv/LvxqLBfTE4rz1Iej4VjOEdhbw5fMKg8B+ze\nMYUB1AodE2UEXwKCAQEA9CmDkg7VDIWxHB6DfFtSA6V+NKUr3VnpeV+U19vqEKlR\niPQ402jr7FZNU/c0ZC626UaFUKNjHKL5yvdSNz3h9DuFEa16XMI6JVg9gSetTfYp\nXmgxq+INLRLptFEkfIp4e189tVXX0GiIC+ounxXU8zsoL87MrZ5WjoTcX4OggN/g\naFBx3vYY6TQpAZZl2q3J/wGTph11IOlu/Ag8iU1dPZGQHMWOcbBDR/pa4Ej4g0H5\nza6w4QA8C3RZURnQtS1W/f7n0IYK/TnK9hVEf+rI8L5jzgDhD4q0+2R+0+QEujKP\n68+0CTRs4uOF3Q6ZxZWsBuUm/+1QF+kn3FJNNj8KIQKCAQEAzYSJoITgvG2awWFq\n/gy6B33yBSVC6vtwywSw522wWPIY2/NB2P+iXVPmCPmKJ7xMTXCqqgPlNo1VaCQS\nF3inszg7SOdsWTiZTEVSRAxPFQKUwvOmakiTcUT36zGDfQcDM2wcX5LXjjivtBKA\nMk/zzIJSvUXjk83gwRSZ9RLZ2T/BE6xeX9U14LBt77BiMiK37OGfosGhMU0IemOp\nqwtjxxrX5L+M1ZtLtqMMgug6LNGXhSW4aHdj1PnGBJhw5OZ1GI8niVr4bGqdcsjN\nG9xEu7wQu9RZ4kAxIt2Vm0Yt7lW5VWzcN1CGlQd5qWkAEBOC/QrWs8jk8j0+xPf1\nf/JrgQKCAQB1XctIF2ckGNPVD3nm+kLHS/MJvWgDhCft1xtGVAkEr09pRPRX83SM\n68NKHGeLzMTSB7sn0xJefp0SiqZztYR7EW1a3QgXtKmcr/kIr5joA+9I2U8fL49j\n3laG/gZK84kMzPBtzXDrVoQnLg/xGt59eS9NI9xRjO5Qnd8M7snliThnDFxgb+3z\nk8YuZCxb3PRfZ1OhI0HdaziVYCQxYAX1BZa/rdtWHQOKgvbSH2GOPtWkoFeYILO8\nUdZpXL5tiPjrKXAnVXfM184PUpPV5Xdn+i0hplyJSwTKXzl0A4SeOJXkJbiGQDQj\nMHl1lIIob1T9D4Qau+mnRMWLa+h/rffhAoIBAELhN9AI7pkYdYdZymveQ+PGKfJP\n/mnF7XW50fjkRXDEX83LNzZ3d37QAzuCbnHsInNDsdXT4L6d4B2rEjdRqMpe7zM+\nyxubRbcun2BzSu4kg4P4LyD3HzY7CJpwssw1rZLbzzYfehPYJzBqkTI6nSEk+iau\nFy4MskwftoZa498DEzduT8XRtcPpZ9aSwryHI5TNU9vD+O2ytBQm0E7nnQRKis5V\n1AXB91sgxjNe+ysPqtrHbc9eXilSwOK8E+gEkp8mLoefY/HHVpDkFxuh9HcbXtvm\npQmx7vdILOzDyJlvJO5gv/XlBDGGtRfh0+wOptWWdASzG73YVAqJOLCTz4E=\n-----END RSA PRIVATE KEY-----\n",
            "private_key_pem_pkcs8": "-----BEGIN PRIVATE KEY-----\nMIIJQgIBADANBgkqhkiG9w0BAQEFAASCCSwwggkoAgEAAoICAQDLx0HMTDWNZk1l\nnUqWs8SYcv3jNRzDPyuXDcqx9Sd4IUY4C2473A9HLdYNSa6Yb4/4m3X7tXLgE8AD\nYFaJ4pyOMayS0JY3/cPwQYUXk6fj7CQqQWR+WEUZB/riyRCwfzrGw6F9j+1T7tcS\noOLHfn7bAemvavSh/4VUbqhl+8T1K1vAgdwL2b4ua0+I0x79/4HSbOlagEunM0Pk\n2lCtVh6WNKk2AggVFWZsMGir/KX2zyLr36XF+CT3VFgDqQw8xREG1KZxN/uTtvBj\n+spgcvte8yFFsZFPZPhm4Yem88sH69dTjqn6+/p7G887g32wK2Ya3f4kaTrEJCab\nY0NUIXlf/XFu/AkpAkqeF5nniF1vZG+XHpiWuXpqJJaWzjnfffZHF9PulEGBJQz/\nasWwHanv4bFjHtn30mM4mXKMhDFmJtAbwQy7jwhZqjlRJo7NtjJMMpgP3rYpqSfo\noAZXlZ7IQKJm8Cd3be7Hoe2DC0IjGAzdrMs9dTNChA5ZfeHD8XrJgkcIepYa4Q7X\n3/JdVzJhVO2E/TuwiCZetkfertYxSUvMhNaDIPVXSUtIQdl5+ahA2EVe9FAojJKX\nHWCxlyQjiHzg3LccyAQMnszaVBMZviFSzJRWM6gCeCgwhVBqtdmqivHgsBZ0pB9G\nuB777UP2xGlvNBasrm6PZkPcj5JGPwIDAQABAoICADnOYXTx3XMqJSSBNSqA/nD8\nldcBNxKP9e6Yw/otgC/MyJ2XaILkjxTzBLiqQTQO2bl9aD+qHldAYwTSLFpbBWw0\n3S6cqzBg9VdPTtD8WvEGCNBP0pEguyE5qUryHKDkxqih0ErNLFbV9v7a0toioRvB\ndCgF4DWgRZNI/M5JWHrv/MwkSma2MwP5/wriUPVeqNYnfR7mLA/XNBhUcfRp7K1R\nbPrcIqzQcEiahuba+b2EzvQ4ck8xcFMVAw6uwsDuakEUy85sQhqKF7FU8Fnh5Drw\nH20kzQLHssuEiLWsjNjHZ0LVwpRnLIwFvIi2aU4zUXinprNvgnMniigkRXI1OLen\nTz5RyveEBz6dd2m6iNE32y8W0EdPCLyZRtyzT3MG5BEO18eUZVWq5xmQ1f7dLh2s\ne9/XEGrJ6vsZZlbwj9CE0JjQOpUlVgyYJs/mc3IMgJrvjg5IG8wrkZRBQyx3fPYU\nRcNz2DZhyt5csecRq4N0EkVamlme7EVpYuzTtWBkntkAcKeAUUM8DsBPlDUdqL6i\nmtIOr4stTRyMEt74DKlXLSe+SClzWc7a1OroyosEm/vva15tqLZcBsexrihJIBzg\nGBnx5zat7oz1HB/Aaya6Ac3Ht+My8z5pa01gU3n8Gu/StD805ycQqhnv1rM0rHDm\neXmeht6YCj/QFULOYaBBAoIBAQDVqIIZh2mGKnUlJmKhGno8AQNkJ8wWFa8yozMe\niEiJ4tVvBp5T9AaddXzeV2dQmEB+jul/R4ivHe/X8vtNwNdfxbYxhYtO5jceRcbc\nQheGsvrTElxisT3UsjKdqq7XPRO6zJqv4hNd46mitJTw/dDQZgHRUXtL1M91sNc8\nN/BTRX/y7gKmBlNi6r9qa+41CgwEyCwzVchUIoqOV/37BHp8vuQwb7Ki3AJpcuNO\nLwefXZTBF+aWalkyBU6+HAa/HsYJ5LYHSY75YoqlMNxIa3huM0ApeXX0q5yZ62/8\nu/GosF9MTivPUh6PhWM4R2FvDl8wqDwH7N4xhQHUCh0TZQRfAoIBAQD0KYOSDtUM\nhbEcHoN8W1IDpX40pSvdWel5X5TX2+oQqVGI9DjTaOvsVk1T9zRkLrbpRoVQo2Mc\novnK91I3PeH0O4URrXpcwjolWD2BJ61N9ileaDGr4g0tEum0USR8inh7Xz21VdfQ\naIgL6i6fFdTzOygvzsytnlaOhNxfg6CA3+BoUHHe9hjpNCkBlmXarcn/AZOmHXUg\n6W78CDyJTV09kZAcxY5xsENH+lrgSPiDQfnNrrDhADwLdFlRGdC1LVb9/ufQhgr9\nOcr2FUR/6sjwvmPOAOEPirT7ZH7T5AS6Mo/rz7QJNGzi44XdDpnFlawG5Sb/7VAX\n6SfcUk02PwohAoIBAQDNhImghOC8bZrBYWr+DLoHffIFJULq+3DLBLDnbbBY8hjb\n80HY/6JdU+YI+YonvExNcKqqA+U2jVVoJBIXeKezODtI52xZOJlMRVJEDE8VApTC\n86ZqSJNxRPfrMYN9BwMzbBxfkteOOK+0EoAyT/PMglK9ReOTzeDBFJn1EtnZP8ET\nrF5f1TXgsG3vsGIyIrfs4Z+iwaExTQh6Y6mrC2PHGtfkv4zVm0u2owyC6Dos0ZeF\nJbhod2PU+cYEmHDk5nUYjyeJWvhsap1yyM0b3ES7vBC71FniQDEi3ZWbRi3uVblV\nbNw3UIaVB3mpaQAQE4L9CtazyOTyPT7E9/V/8muBAoIBAHVdy0gXZyQY09UPeeb6\nQsdL8wm9aAOEJ+3XG0ZUCQSvT2lE9FfzdIzrw0ocZ4vMxNIHuyfTEl5+nRKKpnO1\nhHsRbVrdCBe0qZyv+QivmOgD70jZTx8vj2PeVob+BkrziQzM8G3NcOtWhCcuD/Ea\n3n15L00j3FGM7lCd3wzuyeWJOGcMXGBv7fOTxi5kLFvc9F9nU6EjQd1rOJVgJDFg\nBfUFlr+t21YdA4qC9tIfYY4+1aSgV5ggs7xR1mlcvm2I+OspcCdVd8zXzg9Sk9Xl\nd2f6LSGmXIlLBMpfOXQDhJ44leQluIZANCMweXWUgihvVP0PhBq76adExYtr6H+t\n9+ECggEAQuE30AjumRh1h1nKa95D48Yp8k/+acXtdbnR+ORFcMRfzcs3Nnd3ftAD\nO4Jucewic0Ox1dPgvp3gHasSN1Goyl7vMz7LG5tFty6fYHNK7iSDg/gvIPcfNjsI\nmnCyzDWtktvPNh96E9gnMGqRMjqdIST6Jq4XLgyyTB+2hlrj3wMTN25PxdG1w+ln\n1pLCvIcjlM1T28P47bK0FCbQTuedBEqKzlXUBcH3WyDGM177Kw+q2sdtz15eKVLA\n4rwT6ASSnyYuh59j8cdWkOQXG6H0dxte2+alCbHu90gs7MPImW8k7mC/9eUEMYa1\nF+HT7A6m1ZZ0BLMbvdhUCok4sJPPgQ==\n-----END PRIVATE KEY-----\n",
            "public_key_fingerprint_md5": "6b:19:1b:39:22:21:5d:26:d7:cd:6d:90:c6:f1:71:ca",
            "public_key_fingerprint_sha256": "SHA256:A+uxxgc+71bBUUNe0VoZpHxZ1iX3vnoHds4fFehkcBY",
            "public_key_openssh": "ssh-rsa AAAAB3NzaC1yc2EAAAADAQABAAACAQDLx0HMTDWNZk1lnUqWs8SYcv3jNRzDPyuXDcqx9Sd4IUY4C2473A9HLdYNSa6Yb4/4m3X7tXLgE8ADYFaJ4pyOMayS0JY3/cPwQYUXk6fj7CQqQWR+WEUZB/riyRCwfzrGw6F9j+1T7tcSoOLHfn7bAemvavSh/4VUbqhl+8T1K1vAgdwL2b4ua0+I0x79/4HSbOlagEunM0Pk2lCtVh6WNKk2AggVFWZsMGir/KX2zyLr36XF+CT3VFgDqQw8xREG1KZxN/uTtvBj+spgcvte8yFFsZFPZPhm4Yem88sH69dTjqn6+/p7G887g32wK2Ya3f4kaTrEJCabY0NUIXlf/XFu/AkpAkqeF5nniF1vZG+XHpiWuXpqJJaWzjnfffZHF9PulEGBJQz/asWwHanv4bFjHtn30mM4mXKMhDFmJtAbwQy7jwhZqjlRJo7NtjJMMpgP3rYpqSfooAZXlZ7IQKJm8Cd3be7Hoe2DC0IjGAzdrMs9dTNChA5ZfeHD8XrJgkcIepYa4Q7X3/JdVzJhVO2E/TuwiCZetkfertYxSUvMhNaDIPVXSUtIQdl5+ahA2EVe9FAojJKXHWCxlyQjiHzg3LccyAQMnszaVBMZviFSzJRWM6gCeCgwhVBqtdmqivHgsBZ0pB9GuB777UP2xGlvNBasrm6PZkPcj5JGPw==\n",
            "public_key_pem": "-----BEGIN PUBLIC KEY-----\nMIICIjANBgkqhkiG9w0BAQEFAAOCAg8AMIICCgKCAgEAy8dBzEw1jWZNZZ1KlrPE\nmHL94zUcwz8rlw3KsfUneCFGOAtuO9wPRy3WDUmumG+P+Jt1+7Vy4BPAA2BWieKc\njjGsktCWN/3D8EGFF5On4+wkKkFkflhFGQf64skQsH86xsOhfY/tU+7XEqDix35+\n2wHpr2r0of+FVG6oZfvE9StbwIHcC9m+LmtPiNMe/f+B0mzpWoBLpzND5NpQrVYe\nljSpNgIIFRVmbDBoq/yl9s8i69+lxfgk91RYA6kMPMURBtSmcTf7k7bwY/rKYHL7\nXvMhRbGRT2T4ZuGHpvPLB+vXU46p+vv6exvPO4N9sCtmGt3+JGk6xCQmm2NDVCF5\nX/1xbvwJKQJKnheZ54hdb2Rvlx6Ylrl6aiSWls453332RxfT7pRBgSUM/2rFsB2p\n7+GxYx7Z99JjOJlyjIQxZibQG8EMu48IWao5USaOzbYyTDKYD962Kakn6KAGV5We\nyECiZvAnd23ux6HtgwtCIxgM3azLPXUzQoQOWX3hw/F6yYJHCHqWGuEO19/yXVcy\nYVTthP07sIgmXrZH3q7WMUlLzITWgyD1V0lLSEHZefmoQNhFXvRQKIySlx1gsZck\nI4h84Ny3HMgEDJ7M2lQTGb4hUsyUVjOoAngoMIVQarXZqorx4LAWdKQfRrge++1D\n9sRpbzQWrK5uj2ZD3I+SRj8CAwEAAQ==\n-----END PUBLIC KEY-----\n",
            "rsa_bits": 4096
          },
          "sensitive_attributes": [
            [
              {
                "type": "get_attr",
                "value": "private_key_openssh"
              }
            ],
            [
              {
                "type": "get_attr",
                "value": "private_key_pem"
              }
            ],
            [
              {
                "type": "get_attr",
                "value": "private_key_pem_pkcs8"
              }
            ]
          ],
          "identity_schema_version": 0
        }
      ]
    },
    {
      "module": "module.sg",
      "mode": "managed",
      "type": "aws_security_group",
      "name": "allow_http_https_ssh",
      "provider": "provider[\"registry.terraform.io/hashicorp/aws\"]",
      "instances": [
        {
          "schema_version": 1,
          "attributes": {
            "arn": "arn:aws:ec2:us-east-1:315824631771:security-group/sg-0e6cc4b24819d8184",
            "description": "allow http, https, ssh inbound trafic",
            "egress": [
              {
                "cidr_blocks": [
                  "0.0.0.0/0"
                ],
                "description": "allow all trafic from VPC",
                "from_port": 0,
                "ipv6_cidr_blocks": [],
                "prefix_list_ids": [],
                "protocol": "-1",
                "security_groups": [],
                "self": false,
                "to_port": 0
              }
            ],
            "id": "sg-0e6cc4b24819d8184",
            "ingress": [
              {
                "cidr_blocks": [
                  "0.0.0.0/0"
                ],
                "description": "SSH from VPC",
                "from_port": 22,
                "ipv6_cidr_blocks": [],
                "prefix_list_ids": [],
                "protocol": "tcp",
                "security_groups": [],
                "self": false,
                "to_port": 22
              },
              {
                "cidr_blocks": [
                  "0.0.0.0/0"
                ],
                "description": "TLS from VPC",
                "from_port": 443,
                "ipv6_cidr_blocks": [],
                "prefix_list_ids": [],
                "protocol": "tcp",
                "security_groups": [],
                "self": false,
                "to_port": 443
              },
              {
                "cidr_blocks": [
                  "0.0.0.0/0"
                ],
                "description": "http from VPC",
                "from_port": 8080,
                "ipv6_cidr_blocks": [],
                "prefix_list_ids": [],
                "protocol": "tcp",
                "security_groups": [],
                "self": false,
                "to_port": 8080
              },
              {
                "cidr_blocks": [
                  "0.0.0.0/0"
                ],
                "description": "http from VPC",
                "from_port": 80,
                "ipv6_cidr_blocks": [],
                "prefix_list_ids": [],
                "protocol": "tcp",
                "security_groups": [],
                "self": false,
                "to_port": 80
              }
            ],
            "name": "mini-prod-sg",
            "name_prefix": "",
            "owner_id": "315824631771",
            "region": "us-east-1",
            "revoke_rules_on_delete": false,
            "tags": null,
            "tags_all": {},
            "timeouts": null,
            "vpc_id": "vpc-0e335bdf5fc3cdc7f"
          },
          "sensitive_attributes": [],
          "identity_schema_version": 0,
          "identity": {
            "account_id": "315824631771",
            "id": "sg-0e6cc4b24819d8184",
            "region": "us-east-1"
          },
          "private": "eyJlMmJmYjczMC1lY2FhLTExZTYtOGY4OC0zNDM2M2JjN2M0YzAiOnsiY3JlYXRlIjo2MDAwMDAwMDAwMDAsImRlbGV0ZSI6OTAwMDAwMDAwMDAwfSwic2NoZW1hX3ZlcnNpb24iOiIxIn0="
        }
      ]
    }
  ],
  "check_results": null
}
